
Microsoft Visual Studio Solution File, Format Version 12.00
# Visual Studio 15
VisualStudioVersion = 15.0.27130.2027
MinimumVisualStudioVersion = 10.0.40219.1
Project("{9A19103F-16F7-4668-BE54-9A1E7A4F7556}") = "VtNetCore.Avalonia.App", "VtNetCore.Avalonia.App\VtNetCore.Avalonia.App.csproj", "{F31378F8-82A4-4E22-ABCF-360EDEA94FEC}"
EndProject
Project("{9A19103F-16F7-4668-BE54-9A1E7A4F7556}") = "VtNetCore.Avalonia", "VtNetCore.Avalonia\VtNetCore.Avalonia.csproj", "{7D70ED33-47CB-403E-A363-9127971DD1E9}"
EndProject
Project("{9A19103F-16F7-4668-BE54-9A1E7A4F7556}") = "VtNetCore", "VtNetCore\VtNetCore\VtNetCore.csproj", "{F4BF4788-4F96-466A-8648-F46DAB4C268C}"
EndProject
Project("{9A19103F-16F7-4668-BE54-9A1E7A4F7556}") = "VtNetCoreUnitTests", "VtNetCore\VtNetCore.Unit.Tests\VtNetCoreUnitTests.csproj", "{4B0C7781-FEFE-4A2B-912F-99D7C49DE915}"
EndProject
Global
	GlobalSection(SolutionConfigurationPlatforms) = preSolution
		Debug|Any CPU = Debug|Any CPU
		Debug|ARM = Debug|ARM
		Debug|x64 = Debug|x64
		Debug|x86 = Debug|x86
		Mac Debug|Any CPU = Mac Debug|Any CPU
		Mac Debug|ARM = Mac Debug|ARM
		Mac Debug|x64 = Mac Debug|x64
		Mac Debug|x86 = Mac Debug|x86
		Mac Release|Any CPU = Mac Release|Any CPU
		Mac Release|ARM = Mac Release|ARM
		Mac Release|x64 = Mac Release|x64
		Mac Release|x86 = Mac Release|x86
		Not optimized Release|Any CPU = Not optimized Release|Any CPU
		Not optimized Release|ARM = Not optimized Release|ARM
		Not optimized Release|x64 = Not optimized Release|x64
		Not optimized Release|x86 = Not optimized Release|x86
		Release|Any CPU = Release|Any CPU
		Release|ARM = Release|ARM
		Release|x64 = Release|x64
		Release|x86 = Release|x86
	EndGlobalSection
	GlobalSection(ProjectConfigurationPlatforms) = postSolution
		{F31378F8-82A4-4E22-ABCF-360EDEA94FEC}.Debug|Any CPU.ActiveCfg = Debug|Any CPU
		{F31378F8-82A4-4E22-ABCF-360EDEA94FEC}.Debug|Any CPU.Build.0 = Debug|Any CPU
		{F31378F8-82A4-4E22-ABCF-360EDEA94FEC}.Debug|ARM.ActiveCfg = Debug|Any CPU
		{F31378F8-82A4-4E22-ABCF-360EDEA94FEC}.Debug|ARM.Build.0 = Debug|Any CPU
		{F31378F8-82A4-4E22-ABCF-360EDEA94FEC}.Debug|x64.ActiveCfg = Debug|Any CPU
		{F31378F8-82A4-4E22-ABCF-360EDEA94FEC}.Debug|x64.Build.0 = Debug|Any CPU
		{F31378F8-82A4-4E22-ABCF-360EDEA94FEC}.Debug|x86.ActiveCfg = Debug|Any CPU
		{F31378F8-82A4-4E22-ABCF-360EDEA94FEC}.Debug|x86.Build.0 = Debug|Any CPU
		{F31378F8-82A4-4E22-ABCF-360EDEA94FEC}.Mac Debug|Any CPU.ActiveCfg = Debug|Any CPU
		{F31378F8-82A4-4E22-ABCF-360EDEA94FEC}.Mac Debug|Any CPU.Build.0 = Debug|Any CPU
		{F31378F8-82A4-4E22-ABCF-360EDEA94FEC}.Mac Debug|ARM.ActiveCfg = Debug|Any CPU
		{F31378F8-82A4-4E22-ABCF-360EDEA94FEC}.Mac Debug|ARM.Build.0 = Debug|Any CPU
		{F31378F8-82A4-4E22-ABCF-360EDEA94FEC}.Mac Debug|x64.ActiveCfg = Debug|Any CPU
		{F31378F8-82A4-4E22-ABCF-360EDEA94FEC}.Mac Debug|x64.Build.0 = Debug|Any CPU
		{F31378F8-82A4-4E22-ABCF-360EDEA94FEC}.Mac Debug|x86.ActiveCfg = Debug|Any CPU
		{F31378F8-82A4-4E22-ABCF-360EDEA94FEC}.Mac Debug|x86.Build.0 = Debug|Any CPU
		{F31378F8-82A4-4E22-ABCF-360EDEA94FEC}.Mac Release|Any CPU.ActiveCfg = Release|Any CPU
		{F31378F8-82A4-4E22-ABCF-360EDEA94FEC}.Mac Release|Any CPU.Build.0 = Release|Any CPU
		{F31378F8-82A4-4E22-ABCF-360EDEA94FEC}.Mac Release|ARM.ActiveCfg = Release|Any CPU
		{F31378F8-82A4-4E22-ABCF-360EDEA94FEC}.Mac Release|ARM.Build.0 = Release|Any CPU
		{F31378F8-82A4-4E22-ABCF-360EDEA94FEC}.Mac Release|x64.ActiveCfg = Release|Any CPU
		{F31378F8-82A4-4E22-ABCF-360EDEA94FEC}.Mac Release|x64.Build.0 = Release|Any CPU
		{F31378F8-82A4-4E22-ABCF-360EDEA94FEC}.Mac Release|x86.ActiveCfg = Release|Any CPU
		{F31378F8-82A4-4E22-ABCF-360EDEA94FEC}.Mac Release|x86.Build.0 = Release|Any CPU
		{F31378F8-82A4-4E22-ABCF-360EDEA94FEC}.Not optimized Release|Any CPU.ActiveCfg = Release|Any CPU
		{F31378F8-82A4-4E22-ABCF-360EDEA94FEC}.Not optimized Release|Any CPU.Build.0 = Release|Any CPU
		{F31378F8-82A4-4E22-ABCF-360EDEA94FEC}.Not optimized Release|ARM.ActiveCfg = Release|Any CPU
		{F31378F8-82A4-4E22-ABCF-360EDEA94FEC}.Not optimized Release|ARM.Build.0 = Release|Any CPU
		{F31378F8-82A4-4E22-ABCF-360EDEA94FEC}.Not optimized Release|x64.ActiveCfg = Release|Any CPU
		{F31378F8-82A4-4E22-ABCF-360EDEA94FEC}.Not optimized Release|x64.Build.0 = Release|Any CPU
		{F31378F8-82A4-4E22-ABCF-360EDEA94FEC}.Not optimized Release|x86.ActiveCfg = Release|Any CPU
		{F31378F8-82A4-4E22-ABCF-360EDEA94FEC}.Not optimized Release|x86.Build.0 = Release|Any CPU
		{F31378F8-82A4-4E22-ABCF-360EDEA94FEC}.Release|Any CPU.ActiveCfg = Release|Any CPU
		{F31378F8-82A4-4E22-ABCF-360EDEA94FEC}.Release|Any CPU.Build.0 = Release|Any CPU
		{F31378F8-82A4-4E22-ABCF-360EDEA94FEC}.Release|ARM.ActiveCfg = Release|Any CPU
		{F31378F8-82A4-4E22-ABCF-360EDEA94FEC}.Release|ARM.Build.0 = Release|Any CPU
		{F31378F8-82A4-4E22-ABCF-360EDEA94FEC}.Release|x64.ActiveCfg = Release|Any CPU
		{F31378F8-82A4-4E22-ABCF-360EDEA94FEC}.Release|x64.Build.0 = Release|Any CPU
		{F31378F8-82A4-4E22-ABCF-360EDEA94FEC}.Release|x86.ActiveCfg = Release|Any CPU
		{F31378F8-82A4-4E22-ABCF-360EDEA94FEC}.Release|x86.Build.0 = Release|Any CPU
		{7D70ED33-47CB-403E-A363-9127971DD1E9}.Debug|Any CPU.ActiveCfg = Debug|Any CPU
		{7D70ED33-47CB-403E-A363-9127971DD1E9}.Debug|Any CPU.Build.0 = Debug|Any CPU
		{7D70ED33-47CB-403E-A363-9127971DD1E9}.Debug|ARM.ActiveCfg = Debug|Any CPU
		{7D70ED33-47CB-403E-A363-9127971DD1E9}.Debug|ARM.Build.0 = Debug|Any CPU
		{7D70ED33-47CB-403E-A363-9127971DD1E9}.Debug|x64.ActiveCfg = Debug|Any CPU
		{7D70ED33-47CB-403E-A363-9127971DD1E9}.Debug|x64.Build.0 = Debug|Any CPU
		{7D70ED33-47CB-403E-A363-9127971DD1E9}.Debug|x86.ActiveCfg = Debug|Any CPU
		{7D70ED33-47CB-403E-A363-9127971DD1E9}.Debug|x86.Build.0 = Debug|Any CPU
		{7D70ED33-47CB-403E-A363-9127971DD1E9}.Mac Debug|Any CPU.ActiveCfg = Debug|Any CPU
		{7D70ED33-47CB-403E-A363-9127971DD1E9}.Mac Debug|Any CPU.Build.0 = Debug|Any CPU
		{7D70ED33-47CB-403E-A363-9127971DD1E9}.Mac Debug|ARM.ActiveCfg = Debug|Any CPU
		{7D70ED33-47CB-403E-A363-9127971DD1E9}.Mac Debug|ARM.Build.0 = Debug|Any CPU
		{7D70ED33-47CB-403E-A363-9127971DD1E9}.Mac Debug|x64.ActiveCfg = Debug|Any CPU
		{7D70ED33-47CB-403E-A363-9127971DD1E9}.Mac Debug|x64.Build.0 = Debug|Any CPU
		{7D70ED33-47CB-403E-A363-9127971DD1E9}.Mac Debug|x86.ActiveCfg = Debug|Any CPU
		{7D70ED33-47CB-403E-A363-9127971DD1E9}.Mac Debug|x86.Build.0 = Debug|Any CPU
		{7D70ED33-47CB-403E-A363-9127971DD1E9}.Mac Release|Any CPU.ActiveCfg = Release|Any CPU
		{7D70ED33-47CB-403E-A363-9127971DD1E9}.Mac Release|Any CPU.Build.0 = Release|Any CPU
		{7D70ED33-47CB-403E-A363-9127971DD1E9}.Mac Release|ARM.ActiveCfg = Release|Any CPU
		{7D70ED33-47CB-403E-A363-9127971DD1E9}.Mac Release|ARM.Build.0 = Release|Any CPU
		{7D70ED33-47CB-403E-A363-9127971DD1E9}.Mac Release|x64.ActiveCfg = Release|Any CPU
		{7D70ED33-47CB-403E-A363-9127971DD1E9}.Mac Release|x64.Build.0 = Release|Any CPU
		{7D70ED33-47CB-403E-A363-9127971DD1E9}.Mac Release|x86.ActiveCfg = Release|Any CPU
		{7D70ED33-47CB-403E-A363-9127971DD1E9}.Mac Release|x86.Build.0 = Release|Any CPU
		{7D70ED33-47CB-403E-A363-9127971DD1E9}.Not optimized Release|Any CPU.ActiveCfg = Release|Any CPU
		{7D70ED33-47CB-403E-A363-9127971DD1E9}.Not optimized Release|Any CPU.Build.0 = Release|Any CPU
		{7D70ED33-47CB-403E-A363-9127971DD1E9}.Not optimized Release|ARM.ActiveCfg = Release|Any CPU
		{7D70ED33-47CB-403E-A363-9127971DD1E9}.Not optimized Release|ARM.Build.0 = Release|Any CPU
		{7D70ED33-47CB-403E-A363-9127971DD1E9}.Not optimized Release|x64.ActiveCfg = Release|Any CPU
		{7D70ED33-47CB-403E-A363-9127971DD1E9}.Not optimized Release|x64.Build.0 = Release|Any CPU
		{7D70ED33-47CB-403E-A363-9127971DD1E9}.Not optimized Release|x86.ActiveCfg = Release|Any CPU
		{7D70ED33-47CB-403E-A363-9127971DD1E9}.Not optimized Release|x86.Build.0 = Release|Any CPU
		{7D70ED33-47CB-403E-A363-9127971DD1E9}.Release|Any CPU.ActiveCfg = Release|Any CPU
		{7D70ED33-47CB-403E-A363-9127971DD1E9}.Release|Any CPU.Build.0 = Release|Any CPU
		{7D70ED33-47CB-403E-A363-9127971DD1E9}.Release|ARM.ActiveCfg = Release|Any CPU
		{7D70ED33-47CB-403E-A363-9127971DD1E9}.Release|ARM.Build.0 = Release|Any CPU
		{7D70ED33-47CB-403E-A363-9127971DD1E9}.Release|x64.ActiveCfg = Release|Any CPU
		{7D70ED33-47CB-403E-A363-9127971DD1E9}.Release|x64.Build.0 = Release|Any CPU
		{7D70ED33-47CB-403E-A363-9127971DD1E9}.Release|x86.ActiveCfg = Release|Any CPU
		{7D70ED33-47CB-403E-A363-9127971DD1E9}.Release|x86.Build.0 = Release|Any CPU
		{F4BF4788-4F96-466A-8648-F46DAB4C268C}.Debug|Any CPU.ActiveCfg = Debug|Any CPU
		{F4BF4788-4F96-466A-8648-F46DAB4C268C}.Debug|Any CPU.Build.0 = Debug|Any CPU
		{F4BF4788-4F96-466A-8648-F46DAB4C268C}.Debug|ARM.ActiveCfg = Debug|Any CPU
		{F4BF4788-4F96-466A-8648-F46DAB4C268C}.Debug|ARM.Build.0 = Debug|Any CPU
		{F4BF4788-4F96-466A-8648-F46DAB4C268C}.Debug|x64.ActiveCfg = Debug|Any CPU
		{F4BF4788-4F96-466A-8648-F46DAB4C268C}.Debug|x64.Build.0 = Debug|Any CPU
		{F4BF4788-4F96-466A-8648-F46DAB4C268C}.Debug|x86.ActiveCfg = Debug|Any CPU
		{F4BF4788-4F96-466A-8648-F46DAB4C268C}.Debug|x86.Build.0 = Debug|Any CPU
		{F4BF4788-4F96-466A-8648-F46DAB4C268C}.Mac Debug|Any CPU.ActiveCfg = Debug|Any CPU
		{F4BF4788-4F96-466A-8648-F46DAB4C268C}.Mac Debug|Any CPU.Build.0 = Debug|Any CPU
		{F4BF4788-4F96-466A-8648-F46DAB4C268C}.Mac Debug|ARM.ActiveCfg = Debug|Any CPU
		{F4BF4788-4F96-466A-8648-F46DAB4C268C}.Mac Debug|ARM.Build.0 = Debug|Any CPU
		{F4BF4788-4F96-466A-8648-F46DAB4C268C}.Mac Debug|x64.ActiveCfg = Debug|Any CPU
		{F4BF4788-4F96-466A-8648-F46DAB4C268C}.Mac Debug|x64.Build.0 = Debug|Any CPU
		{F4BF4788-4F96-466A-8648-F46DAB4C268C}.Mac Debug|x86.ActiveCfg = Debug|Any CPU
		{F4BF4788-4F96-466A-8648-F46DAB4C268C}.Mac Debug|x86.Build.0 = Debug|Any CPU
		{F4BF4788-4F96-466A-8648-F46DAB4C268C}.Mac Release|Any CPU.ActiveCfg = Release|Any CPU
		{F4BF4788-4F96-466A-8648-F46DAB4C268C}.Mac Release|Any CPU.Build.0 = Release|Any CPU
		{F4BF4788-4F96-466A-8648-F46DAB4C268C}.Mac Release|ARM.ActiveCfg = Release|Any CPU
		{F4BF4788-4F96-466A-8648-F46DAB4C268C}.Mac Release|ARM.Build.0 = Release|Any CPU
		{F4BF4788-4F96-466A-8648-F46DAB4C268C}.Mac Release|x64.ActiveCfg = Release|Any CPU
		{F4BF4788-4F96-466A-8648-F46DAB4C268C}.Mac Release|x64.Build.0 = Release|Any CPU
		{F4BF4788-4F96-466A-8648-F46DAB4C268C}.Mac Release|x86.ActiveCfg = Release|Any CPU
		{F4BF4788-4F96-466A-8648-F46DAB4C268C}.Mac Release|x86.Build.0 = Release|Any CPU
		{F4BF4788-4F96-466A-8648-F46DAB4C268C}.Not optimized Release|Any CPU.ActiveCfg = Release|Any CPU
		{F4BF4788-4F96-466A-8648-F46DAB4C268C}.Not optimized Release|Any CPU.Build.0 = Release|Any CPU
		{F4BF4788-4F96-466A-8648-F46DAB4C268C}.Not optimized Release|ARM.ActiveCfg = Release|Any CPU
		{F4BF4788-4F96-466A-8648-F46DAB4C268C}.Not optimized Release|ARM.Build.0 = Release|Any CPU
		{F4BF4788-4F96-466A-8648-F46DAB4C268C}.Not optimized Release|x64.ActiveCfg = Release|Any CPU
		{F4BF4788-4F96-466A-8648-F46DAB4C268C}.Not optimized Release|x64.Build.0 = Release|Any CPU
		{F4BF4788-4F96-466A-8648-F46DAB4C268C}.Not optimized Release|x86.ActiveCfg = Release|Any CPU
		{F4BF4788-4F96-466A-8648-F46DAB4C268C}.Not optimized Release|x86.Build.0 = Release|Any CPU
		{F4BF4788-4F96-466A-8648-F46DAB4C268C}.Release|Any CPU.ActiveCfg = Release|Any CPU
		{F4BF4788-4F96-466A-8648-F46DAB4C268C}.Release|Any CPU.Build.0 = Release|Any CPU
		{F4BF4788-4F96-466A-8648-F46DAB4C268C}.Release|ARM.ActiveCfg = Release|Any CPU
		{F4BF4788-4F96-466A-8648-F46DAB4C268C}.Release|ARM.Build.0 = Release|Any CPU
		{F4BF4788-4F96-466A-8648-F46DAB4C268C}.Release|x64.ActiveCfg = Release|Any CPU
		{F4BF4788-4F96-466A-8648-F46DAB4C268C}.Release|x64.Build.0 = Release|Any CPU
		{F4BF4788-4F96-466A-8648-F46DAB4C268C}.Release|x86.ActiveCfg = Release|Any CPU
		{F4BF4788-4F96-466A-8648-F46DAB4C268C}.Release|x86.Build.0 = Release|Any CPU
		{4B0C7781-FEFE-4A2B-912F-99D7C49DE915}.Debug|Any CPU.ActiveCfg = Debug|Any CPU
		{4B0C7781-FEFE-4A2B-912F-99D7C49DE915}.Debug|Any CPU.Build.0 = Debug|Any CPU
		{4B0C7781-FEFE-4A2B-912F-99D7C49DE915}.Debug|ARM.ActiveCfg = Debug|Any CPU
		{4B0C7781-FEFE-4A2B-912F-99D7C49DE915}.Debug|ARM.Build.0 = Debug|Any CPU
		{4B0C7781-FEFE-4A2B-912F-99D7C49DE915}.Debug|x64.ActiveCfg = Debug|Any CPU
		{4B0C7781-FEFE-4A2B-912F-99D7C49DE915}.Debug|x64.Build.0 = Debug|Any CPU
		{4B0C7781-FEFE-4A2B-912F-99D7C49DE915}.Debug|x86.ActiveCfg = Debug|Any CPU
		{4B0C7781-FEFE-4A2B-912F-99D7C49DE915}.Debug|x86.Build.0 = Debug|Any CPU
		{4B0C7781-FEFE-4A2B-912F-99D7C49DE915}.Mac Debug|Any CPU.ActiveCfg = Debug|Any CPU
		{4B0C7781-FEFE-4A2B-912F-99D7C49DE915}.Mac Debug|Any CPU.Build.0 = Debug|Any CPU
		{4B0C7781-FEFE-4A2B-912F-99D7C49DE915}.Mac Debug|ARM.ActiveCfg = Debug|Any CPU
		{4B0C7781-FEFE-4A2B-912F-99D7C49DE915}.Mac Debug|ARM.Build.0 = Debug|Any CPU
		{4B0C7781-FEFE-4A2B-912F-99D7C49DE915}.Mac Debug|x64.ActiveCfg = Debug|Any CPU
		{4B0C7781-FEFE-4A2B-912F-99D7C49DE915}.Mac Debug|x64.Build.0 = Debug|Any CPU
		{4B0C7781-FEFE-4A2B-912F-99D7C49DE915}.Mac Debug|x86.ActiveCfg = Debug|Any CPU
		{4B0C7781-FEFE-4A2B-912F-99D7C49DE915}.Mac Debug|x86.Build.0 = Debug|Any CPU
		{4B0C7781-FEFE-4A2B-912F-99D7C49DE915}.Mac Release|Any CPU.ActiveCfg = Release|Any CPU
		{4B0C7781-FEFE-4A2B-912F-99D7C49DE915}.Mac Release|Any CPU.Build.0 = Release|Any CPU
		{4B0C7781-FEFE-4A2B-912F-99D7C49DE915}.Mac Release|ARM.ActiveCfg = Release|Any CPU
		{4B0C7781-FEFE-4A2B-912F-99D7C49DE915}.Mac Release|ARM.Build.0 = Release|Any CPU
		{4B0C7781-FEFE-4A2B-912F-99D7C49DE915}.Mac Release|x64.ActiveCfg = Release|Any CPU
		{4B0C7781-FEFE-4A2B-912F-99D7C49DE915}.Mac Release|x64.Build.0 = Release|Any CPU
		{4B0C7781-FEFE-4A2B-912F-99D7C49DE915}.Mac Release|x86.ActiveCfg = Release|Any CPU
		{4B0C7781-FEFE-4A2B-912F-99D7C49DE915}.Mac Release|x86.Build.0 = Release|Any CPU
		{4B0C7781-FEFE-4A2B-912F-99D7C49DE915}.Not optimized Release|Any CPU.ActiveCfg = Release|Any CPU
		{4B0C7781-FEFE-4A2B-912F-99D7C49DE915}.Not optimized Release|Any CPU.Build.0 = Release|Any CPU
		{4B0C7781-FEFE-4A2B-912F-99D7C49DE915}.Not optimized Release|ARM.ActiveCfg = Release|Any CPU
		{4B0C7781-FEFE-4A2B-912F-99D7C49DE915}.Not optimized Release|ARM.Build.0 = Release|Any CPU
		{4B0C7781-FEFE-4A2B-912F-99D7C49DE915}.Not optimized Release|x64.ActiveCfg = Release|Any CPU
		{4B0C7781-FEFE-4A2B-912F-99D7C49DE915}.Not optimized Release|x64.Build.0 = Release|Any CPU
		{4B0C7781-FEFE-4A2B-912F-99D7C49DE915}.Not optimized Release|x86.ActiveCfg = Release|Any CPU
		{4B0C7781-FEFE-4A2B-912F-99D7C49DE915}.Not optimized Release|x86.Build.0 = Release|Any CPU
		{4B0C7781-FEFE-4A2B-912F-99D7C49DE915}.Release|Any CPU.ActiveCfg = Release|Any CPU
		{4B0C7781-FEFE-4A2B-912F-99D7C49DE915}.Release|Any CPU.Build.0 = Release|Any CPU
		{4B0C7781-FEFE-4A2B-912F-99D7C49DE915}.Release|ARM.ActiveCfg = Release|Any CPU
		{4B0C7781-FEFE-4A2B-912F-99D7C49DE915}.Release|ARM.Build.0 = Release|Any CPU
		{4B0C7781-FEFE-4A2B-912F-99D7C49DE915}.Release|x64.ActiveCfg = Release|Any CPU
		{4B0C7781-FEFE-4A2B-912F-99D7C49DE915}.Release|x64.Build.0 = Release|Any CPU
		{4B0C7781-FEFE-4A2B-912F-99D7C49DE915}.Release|x86.ActiveCfg = Release|Any CPU
		{4B0C7781-FEFE-4A2B-912F-99D7C49DE915}.Release|x86.Build.0 = Release|Any CPU
	EndGlobalSection
	GlobalSection(SolutionProperties) = preSolution
		HideSolutionNode = FALSE
	EndGlobalSection
	GlobalSection(ExtensibilityGlobals) = postSolution
		SolutionGuid = {CFE8AFBD-52FF-49C8-9323-B1F40DF92918}
	EndGlobalSection
EndGlobal
